
Microsoft Visual Studio Solution File, Format Version 12.00
# Visual Studio 15
VisualStudioVersion = 15.0.28307.1972
MinimumVisualStudioVersion = 10.0.40219.1
Project("{FAE04EC0-301F-11D3-BF4B-00C04F79EFBC}") = "Генетический", "Генетический\Генетический.csproj", "{73B8BBE2-BF2A-4543-AEC4-873F9DB9F961}"
EndProject
Global
	GlobalSection(SolutionConfigurationPlatforms) = preSolution
		Debug|Any CPU = Debug|Any CPU
		Release|Any CPU = Release|Any CPU
	EndGlobalSection
	GlobalSection(ProjectConfigurationPlatforms) = postSolution
		{73B8BBE2-BF2A-4543-AEC4-873F9DB9F961}.Debug|Any CPU.ActiveCfg = Debug|Any CPU
		{73B8BBE2-BF2A-4543-AEC4-873F9DB9F961}.Debug|Any CPU.Build.0 = Debug|Any CPU
		{73B8BBE2-BF2A-4543-AEC4-873F9DB9F961}.Release|Any CPU.ActiveCfg = Release|Any CPU
		{73B8BBE2-BF2A-4543-AEC4-873F9DB9F961}.Release|Any CPU.Build.0 = Release|Any CPU
	EndGlobalSection
	GlobalSection(SolutionProperties) = preSolution
		HideSolutionNode = FALSE
	EndGlobalSection
	GlobalSection(ExtensibilityGlobals) = postSolution
		SolutionGuid = {D7135313-89F1-4890-9BC2-0D2BF21DBA51}
	EndGlobalSection
EndGlobal
